
Microsoft Visual Studio Solution File, Format Version 12.00
# Visual Studio Version 17
VisualStudioVersion = 17.10.34916.146
MinimumVisualStudioVersion = 10.0.40219.1
Project("{FAE04EC0-301F-11D3-BF4B-00C04F79EFBC}") = "RecursiveFunction", "RecursiveFunction\RecursiveFunction.csproj", "{AF0309A3-CE18-496F-A811-272DE4ED23B8}"
EndProject
Global
	GlobalSection(SolutionConfigurationPlatforms) = preSolution
		Debug|Any CPU = Debug|Any CPU
		Release|Any CPU = Release|Any CPU
	EndGlobalSection
	GlobalSection(ProjectConfigurationPlatforms) = postSolution
		{AF0309A3-CE18-496F-A811-272DE4ED23B8}.Debug|Any CPU.ActiveCfg = Debug|Any CPU
		{AF0309A3-CE18-496F-A811-272DE4ED23B8}.Debug|Any CPU.Build.0 = Debug|Any CPU
		{AF0309A3-CE18-496F-A811-272DE4ED23B8}.Release|Any CPU.ActiveCfg = Release|Any CPU
		{AF0309A3-CE18-496F-A811-272DE4ED23B8}.Release|Any CPU.Build.0 = Release|Any CPU
	EndGlobalSection
	GlobalSection(SolutionProperties) = preSolution
		HideSolutionNode = FALSE
	EndGlobalSection
	GlobalSection(ExtensibilityGlobals) = postSolution
		SolutionGuid = {75227304-AA5E-410C-8491-C821CB1DC4E3}
	EndGlobalSection
EndGlobal
